
Microsoft Visual Studio Solution File, Format Version 12.00
# Visual Studio Version 17
VisualStudioVersion = 17.3.32819.101
MinimumVisualStudioVersion = 10.0.40219.1
Project("{FAE04EC0-301F-11D3-BF4B-00C04F79EFBC}") = "Assignment9", "Assignment9\Assignment9.csproj", "{5BF38BDA-1ACB-4432-AA5E-F1C2207F5859}"
EndProject
Global
	GlobalSection(SolutionConfigurationPlatforms) = preSolution
		Debug|Any CPU = Debug|Any CPU
		Release|Any CPU = Release|Any CPU
	EndGlobalSection
	GlobalSection(ProjectConfigurationPlatforms) = postSolution
		{5BF38BDA-1ACB-4432-AA5E-F1C2207F5859}.Debug|Any CPU.ActiveCfg = Debug|Any CPU
		{5BF38BDA-1ACB-4432-AA5E-F1C2207F5859}.Debug|Any CPU.Build.0 = Debug|Any CPU
		{5BF38BDA-1ACB-4432-AA5E-F1C2207F5859}.Release|Any CPU.ActiveCfg = Release|Any CPU
		{5BF38BDA-1ACB-4432-AA5E-F1C2207F5859}.Release|Any CPU.Build.0 = Release|Any CPU
	EndGlobalSection
	GlobalSection(SolutionProperties) = preSolution
		HideSolutionNode = FALSE
	EndGlobalSection
	GlobalSection(ExtensibilityGlobals) = postSolution
		SolutionGuid = {1DCDE739-7DDF-4FD1-B657-D59C2E986D73}
	EndGlobalSection
EndGlobal
